{
  "name": "TreeRing",
  "lockfileVersion": 3,
  "requires": true,
  "packages": {
    "": {
      "dependencies": {
        "perlin-noise": "^0.0.1",
        "simplex-noise": "^4.0.3"
      },
      "devDependencies": {
        "typescript": "^5.8.3"
      }
    },
    "node_modules/perlin-noise": {
      "version": "0.0.1",
      "resolved": "https://registry.npmjs.org/perlin-noise/-/perlin-noise-0.0.1.tgz",
      "integrity": "sha512-33wNN1FN7jZPF0ISkSF8BLag71wjBWzrpzd/m00iFsxtIhKeZ8VaKBQtzPX3TBegK9GYPXwGzR3oJp9v2T7QuQ==",
      "license": "BSD"
    },
    "node_modules/simplex-noise": {
      "version": "4.0.3",
      "resolved": "https://registry.npmjs.org/simplex-noise/-/simplex-noise-4.0.3.tgz",
      "integrity": "sha512-qSE2I4AngLQG7BXqoZj51jokT4WUXe8mOBrvfOXpci8+6Yu44+/dD5zqDpOx3Ux792eamTd2lLcI8jqFntk/lg==",
      "license": "MIT"
    },
    "node_modules/typescript": {
      "version": "5.8.3",
      "resolved": "https://registry.npmjs.org/typescript/-/typescript-5.8.3.tgz",
      "integrity": "sha512-p1diW6TqL9L07nNxvRMM7hMMw4c5XOo/1ibL4aAIGmSAt9slTE1Xgw5KWuof2uTOvCg9BY7ZRi+GaF+7sfgPeQ==",
      "dev": true,
      "license": "Apache-2.0",
      "bin": {
        "tsc": "bin/tsc",
        "tsserver": "bin/tsserver"
      },
      "engines": {
        "node": ">=14.17"
      }
    }
  }
}
